
Microsoft Visual Studio Solution File, Format Version 12.00
# Visual Studio Version 17
VisualStudioVersion = 17.6.33723.286
MinimumVisualStudioVersion = 10.0.40219.1
Project("{FAE04EC0-301F-11D3-BF4B-00C04F79EFBC}") = "Monkeys", "Monkeys\Monkeys.csproj", "{8D3692B0-8F34-4419-90E3-931443FE6FD7}"
EndProject
Global
	GlobalSection(SolutionConfigurationPlatforms) = preSolution
		Debug|Any CPU = Debug|Any CPU
		Release|Any CPU = Release|Any CPU
	EndGlobalSection
	GlobalSection(ProjectConfigurationPlatforms) = postSolution
		{8D3692B0-8F34-4419-90E3-931443FE6FD7}.Debug|Any CPU.ActiveCfg = Debug|Any CPU
		{8D3692B0-8F34-4419-90E3-931443FE6FD7}.Debug|Any CPU.Build.0 = Debug|Any CPU
		{8D3692B0-8F34-4419-90E3-931443FE6FD7}.Release|Any CPU.ActiveCfg = Release|Any CPU
		{8D3692B0-8F34-4419-90E3-931443FE6FD7}.Release|Any CPU.Build.0 = Release|Any CPU
	EndGlobalSection
	GlobalSection(SolutionProperties) = preSolution
		HideSolutionNode = FALSE
	EndGlobalSection
	GlobalSection(ExtensibilityGlobals) = postSolution
		SolutionGuid = {5A0DA4C9-EEB2-4120-B486-2211CF99DF1F}
	EndGlobalSection
EndGlobal
